
Microsoft Visual Studio Solution File, Format Version 12.00
# Visual Studio Version 17
VisualStudioVersion = 17.0.31903.59
MinimumVisualStudioVersion = 10.0.40219.1
Project("{FAE04EC0-301F-11D3-BF4B-00C04F79EFBC}") = "SmoothOperator", "SmoothOperator\SmoothOperator.csproj", "{913D285F-66B9-4E6D-9EE3-DA84EA6D92EB}"
EndProject
Project("{FAE04EC0-301F-11D3-BF4B-00C04F79EFBC}") = "VariousOperators", "VariousOperators\VariousOperators.csproj", "{B99A47C2-76C0-468B-99D9-D141CE4CFF25}"
EndProject
Project("{FAE04EC0-301F-11D3-BF4B-00C04F79EFBC}") = "Cilindro", "Cilindro\Cilindro.csproj", "{715D990C-963C-43E2-AE0B-24C0EA48C429}"
EndProject
Global
	GlobalSection(SolutionConfigurationPlatforms) = preSolution
		Debug|Any CPU = Debug|Any CPU
		Release|Any CPU = Release|Any CPU
	EndGlobalSection
	GlobalSection(SolutionProperties) = preSolution
		HideSolutionNode = FALSE
	EndGlobalSection
	GlobalSection(ProjectConfigurationPlatforms) = postSolution
		{913D285F-66B9-4E6D-9EE3-DA84EA6D92EB}.Debug|Any CPU.ActiveCfg = Debug|Any CPU
		{913D285F-66B9-4E6D-9EE3-DA84EA6D92EB}.Debug|Any CPU.Build.0 = Debug|Any CPU
		{913D285F-66B9-4E6D-9EE3-DA84EA6D92EB}.Release|Any CPU.ActiveCfg = Release|Any CPU
		{913D285F-66B9-4E6D-9EE3-DA84EA6D92EB}.Release|Any CPU.Build.0 = Release|Any CPU
		{B99A47C2-76C0-468B-99D9-D141CE4CFF25}.Debug|Any CPU.ActiveCfg = Debug|Any CPU
		{B99A47C2-76C0-468B-99D9-D141CE4CFF25}.Debug|Any CPU.Build.0 = Debug|Any CPU
		{B99A47C2-76C0-468B-99D9-D141CE4CFF25}.Release|Any CPU.ActiveCfg = Release|Any CPU
		{B99A47C2-76C0-468B-99D9-D141CE4CFF25}.Release|Any CPU.Build.0 = Release|Any CPU
		{715D990C-963C-43E2-AE0B-24C0EA48C429}.Debug|Any CPU.ActiveCfg = Debug|Any CPU
		{715D990C-963C-43E2-AE0B-24C0EA48C429}.Debug|Any CPU.Build.0 = Debug|Any CPU
		{715D990C-963C-43E2-AE0B-24C0EA48C429}.Release|Any CPU.ActiveCfg = Release|Any CPU
		{715D990C-963C-43E2-AE0B-24C0EA48C429}.Release|Any CPU.Build.0 = Release|Any CPU
	EndGlobalSection
EndGlobal
